{
	"name": "wealthsync-pro",
	"version": "1.1.2",
	"lockfileVersion": 3,
	"requires": true,
	"packages": {
		"": {
			"name": "wealthsync-pro",
			"version": "1.1.2",
			"license": "ISC, MIT",
			"dependencies": {
				"node-cache": "^5.1.2"
			},
			"devDependencies": {
				"@types/node": "^14.14.31",
				"@types/node-cache": "^4.2.5",
				"typescript": "^4.2.3"
			}
		},
		"node_modules/@types/node": {
			"version": "14.18.63",
			"resolved": "https://registry.npmjs.org/@types/node/-/node-14.18.63.tgz",
			"integrity": "sha512-fAtCfv4jJg+ExtXhvCkCqUKZ+4ok/JQk01qDKhL5BDDoS3AxKXhV5/MAVUZyQnSEd2GT92fkgZl0pz0Q0AzcIQ==",
			"dev": true,
			"license": "MIT"
		},
		"node_modules/@types/node-cache": {
			"version": "4.2.5",
			"resolved": "https://registry.npmjs.org/@types/node-cache/-/node-cache-4.2.5.tgz",
			"integrity": "sha512-faK2Owokboz53g8ooq2dw3iDJ6/HMTCIa2RvMte5WMTiABy+wA558K+iuyRtlR67Un5q9gEKysSDtqZYbSa0Pg==",
			"deprecated": "This is a stub types definition. node-cache provides its own type definitions, so you do not need this installed.",
			"dev": true,
			"license": "MIT",
			"dependencies": {
				"node-cache": "*"
			}
		},
		"node_modules/clone": {
			"version": "2.1.2",
			"resolved": "https://registry.npmjs.org/clone/-/clone-2.1.2.tgz",
			"integrity": "sha512-3Pe/CF1Nn94hyhIYpjtiLhdCoEoz0DqQ+988E9gmeEdQZlojxnOb74wctFyuwWQHzqyf9X7C7MG8juUpqBJT8w==",
			"license": "MIT",
			"engines": {
				"node": ">=0.8"
			}
		},
		"node_modules/node-cache": {
			"version": "5.1.2",
			"resolved": "https://registry.npmjs.org/node-cache/-/node-cache-5.1.2.tgz",
			"integrity": "sha512-t1QzWwnk4sjLWaQAS8CHgOJ+RAfmHpxFWmc36IWTiWHQfs0w5JDMBS1b1ZxQteo0vVVuWJvIUKHDkkeK7vIGCg==",
			"license": "MIT",
			"dependencies": {
				"clone": "2.x"
			},
			"engines": {
				"node": ">= 8.0.0"
			}
		},
		"node_modules/typescript": {
			"version": "4.9.5",
			"resolved": "https://registry.npmjs.org/typescript/-/typescript-4.9.5.tgz",
			"integrity": "sha512-1FXk9E2Hm+QzZQ7z+McJiHL4NW1F2EzMu9Nq9i3zAaGqibafqYwCVU6WyWAuyQRRzOlxou8xZSyXLEN8oKj24g==",
			"dev": true,
			"license": "Apache-2.0",
			"bin": {
				"tsc": "bin/tsc",
				"tsserver": "bin/tsserver"
			},
			"engines": {
				"node": ">=4.2.0"
			}
		}
	}
}
